
Microsoft Visual Studio Solution File, Format Version 12.00
# Visual Studio Version 17
VisualStudioVersion = 17.5.002.0
MinimumVisualStudioVersion = 10.0.40219.1
Project("{FAE04EC0-301F-11D3-BF4B-00C04F79EFBC}") = "streaming", "streaming\streaming.csproj", "{DC3AECB2-AD9E-4318-9FE7-CA131BE57D53}"
EndProject
Project("{FAE04EC0-301F-11D3-BF4B-00C04F79EFBC}") = "redisclient", "redisclient\redisclient.csproj", "{A8E58D7B-9211-4BE8-BE6B-299CDDBB0989}"
EndProject
Project("{FAE04EC0-301F-11D3-BF4B-00C04F79EFBC}") = "pushmetrics", "pushmetrics\pushmetrics.csproj", "{421BB42E-A825-428A-BEB8-619C0B730AA3}"
EndProject
Project("{FAE04EC0-301F-11D3-BF4B-00C04F79EFBC}") = "exporteventsplugin", "exporteventsplugin\exporteventsplugin.csproj", "{62650553-0D6E-4631-BC93-4F13F855DF0A}"
EndProject
Project("{FAE04EC0-301F-11D3-BF4B-00C04F79EFBC}") = "contract", "contract\contract.csproj", "{1344E2A2-99E8-4D43-82A8-C92D31D0FC8B}"
EndProject
Project("{FAE04EC0-301F-11D3-BF4B-00C04F79EFBC}") = "publishmetrics", "publishmetrics\publishmetrics.csproj", "{ABA96AF8-3A18-4B66-919F-5A46733316B3}"
EndProject
Project("{FAE04EC0-301F-11D3-BF4B-00C04F79EFBC}") = "Influx", "Influx\Influx.csproj", "{56020A64-7774-4957-B831-2C1B871EDF5F}"
EndProject
Global
	GlobalSection(SolutionConfigurationPlatforms) = preSolution
		Debug|Any CPU = Debug|Any CPU
		Release|Any CPU = Release|Any CPU
	EndGlobalSection
	GlobalSection(ProjectConfigurationPlatforms) = postSolution
		{DC3AECB2-AD9E-4318-9FE7-CA131BE57D53}.Debug|Any CPU.ActiveCfg = Debug|Any CPU
		{DC3AECB2-AD9E-4318-9FE7-CA131BE57D53}.Debug|Any CPU.Build.0 = Debug|Any CPU
		{DC3AECB2-AD9E-4318-9FE7-CA131BE57D53}.Release|Any CPU.ActiveCfg = Release|Any CPU
		{DC3AECB2-AD9E-4318-9FE7-CA131BE57D53}.Release|Any CPU.Build.0 = Release|Any CPU
		{A8E58D7B-9211-4BE8-BE6B-299CDDBB0989}.Debug|Any CPU.ActiveCfg = Debug|Any CPU
		{A8E58D7B-9211-4BE8-BE6B-299CDDBB0989}.Debug|Any CPU.Build.0 = Debug|Any CPU
		{A8E58D7B-9211-4BE8-BE6B-299CDDBB0989}.Release|Any CPU.ActiveCfg = Release|Any CPU
		{A8E58D7B-9211-4BE8-BE6B-299CDDBB0989}.Release|Any CPU.Build.0 = Release|Any CPU
		{421BB42E-A825-428A-BEB8-619C0B730AA3}.Debug|Any CPU.ActiveCfg = Debug|Any CPU
		{421BB42E-A825-428A-BEB8-619C0B730AA3}.Debug|Any CPU.Build.0 = Debug|Any CPU
		{421BB42E-A825-428A-BEB8-619C0B730AA3}.Release|Any CPU.ActiveCfg = Release|Any CPU
		{421BB42E-A825-428A-BEB8-619C0B730AA3}.Release|Any CPU.Build.0 = Release|Any CPU
		{62650553-0D6E-4631-BC93-4F13F855DF0A}.Debug|Any CPU.ActiveCfg = Debug|Any CPU
		{62650553-0D6E-4631-BC93-4F13F855DF0A}.Debug|Any CPU.Build.0 = Debug|Any CPU
		{62650553-0D6E-4631-BC93-4F13F855DF0A}.Release|Any CPU.ActiveCfg = Release|Any CPU
		{62650553-0D6E-4631-BC93-4F13F855DF0A}.Release|Any CPU.Build.0 = Release|Any CPU
		{1344E2A2-99E8-4D43-82A8-C92D31D0FC8B}.Debug|Any CPU.ActiveCfg = Debug|Any CPU
		{1344E2A2-99E8-4D43-82A8-C92D31D0FC8B}.Debug|Any CPU.Build.0 = Debug|Any CPU
		{1344E2A2-99E8-4D43-82A8-C92D31D0FC8B}.Release|Any CPU.ActiveCfg = Release|Any CPU
		{1344E2A2-99E8-4D43-82A8-C92D31D0FC8B}.Release|Any CPU.Build.0 = Release|Any CPU
		{ABA96AF8-3A18-4B66-919F-5A46733316B3}.Debug|Any CPU.ActiveCfg = Debug|Any CPU
		{ABA96AF8-3A18-4B66-919F-5A46733316B3}.Debug|Any CPU.Build.0 = Debug|Any CPU
		{ABA96AF8-3A18-4B66-919F-5A46733316B3}.Release|Any CPU.ActiveCfg = Release|Any CPU
		{ABA96AF8-3A18-4B66-919F-5A46733316B3}.Release|Any CPU.Build.0 = Release|Any CPU
		{56020A64-7774-4957-B831-2C1B871EDF5F}.Debug|Any CPU.ActiveCfg = Debug|Any CPU
		{56020A64-7774-4957-B831-2C1B871EDF5F}.Debug|Any CPU.Build.0 = Debug|Any CPU
		{56020A64-7774-4957-B831-2C1B871EDF5F}.Release|Any CPU.ActiveCfg = Release|Any CPU
		{56020A64-7774-4957-B831-2C1B871EDF5F}.Release|Any CPU.Build.0 = Release|Any CPU
	EndGlobalSection
	GlobalSection(SolutionProperties) = preSolution
		HideSolutionNode = FALSE
	EndGlobalSection
	GlobalSection(ExtensibilityGlobals) = postSolution
		SolutionGuid = {7808CD9C-4500-42BB-8CC2-414611356377}
	EndGlobalSection
EndGlobal
